
Microsoft Visual Studio Solution File, Format Version 12.00
# Visual Studio Version 16
VisualStudioVersion = 16.0.29215.179
MinimumVisualStudioVersion = 10.0.40219.1
Project("{FAE04EC0-301F-11D3-BF4B-00C04F79EFBC}") = "CipherGUI", "CipherGUI.csproj", "{9BA0ADEE-EA45-4811-8E3E-F600EA2B6F48}"
EndProject
Global
	GlobalSection(SolutionConfigurationPlatforms) = preSolution
		Debug|Any CPU = Debug|Any CPU
		Release|Any CPU = Release|Any CPU
	EndGlobalSection
	GlobalSection(ProjectConfigurationPlatforms) = postSolution
		{9BA0ADEE-EA45-4811-8E3E-F600EA2B6F48}.Debug|Any CPU.ActiveCfg = Debug|Any CPU
		{9BA0ADEE-EA45-4811-8E3E-F600EA2B6F48}.Debug|Any CPU.Build.0 = Debug|Any CPU
		{9BA0ADEE-EA45-4811-8E3E-F600EA2B6F48}.Release|Any CPU.ActiveCfg = Release|Any CPU
		{9BA0ADEE-EA45-4811-8E3E-F600EA2B6F48}.Release|Any CPU.Build.0 = Release|Any CPU
	EndGlobalSection
	GlobalSection(SolutionProperties) = preSolution
		HideSolutionNode = FALSE
	EndGlobalSection
	GlobalSection(ExtensibilityGlobals) = postSolution
		SolutionGuid = {F727A624-52EE-4074-8125-1AD7C94D951F}
	EndGlobalSection
EndGlobal
